// !$*UTF8*$!
{
	archiveVersion = 1;
	classes = {
	};
	objectVersion = 50;
	objects = {

/* Begin PBXBuildFile section */
		9145C37F212607A500840512 /* AppDelegate.m in Sources */ = {isa = PBXBuildFile; fileRef = 9145C37E212607A500840512 /* AppDelegate.m */; };
		9145C382212607A500840512 /* ViewController.m in Sources */ = {isa = PBXBuildFile; fileRef = 9145C381212607A500840512 /* ViewController.m */; };
		9145C385212607A500840512 /* Main.storyboard in Resources */ = {isa = PBXBuildFile; fileRef = 9145C383212607A500840512 /* Main.storyboard */; };
		9145C387212607A500840512 /* Assets.xcassets in Resources */ = {isa = PBXBuildFile; fileRef = 9145C386212607A500840512 /* Assets.xcassets */; };
		9145C38A212607A500840512 /* LaunchScreen.storyboard in Resources */ = {isa = PBXBuildFile; fileRef = 9145C388212607A500840512 /* LaunchScreen.storyboard */; };
		9145C38D212607A500840512 /* main.m in Sources */ = {isa = PBXBuildFile; fileRef = 9145C38C212607A500840512 /* main.m */; };
		9145C397212607A500840512 /* CatsTests.m in Sources */ = {isa = PBXBuildFile; fileRef = 9145C396212607A500840512 /* CatsTests.m */; };
		9145C3A2212607A500840512 /* CatsUITests.m in Sources */ = {isa = PBXBuildFile; fileRef = 9145C3A1212607A500840512 /* CatsUITests.m */; };
		9145C3B12126089400840512 /* Photo.m in Sources */ = {isa = PBXBuildFile; fileRef = 9145C3B02126089400840512 /* Photo.m */; };
		9145C3B421260D6800840512 /* PhotoCollectionViewCell.m in Sources */ = {isa = PBXBuildFile; fileRef = 9145C3B321260D6800840512 /* PhotoCollectionViewCell.m */; };
		9145C3B7212619FD00840512 /* DetailViewController.m in Sources */ = {isa = PBXBuildFile; fileRef = 9145C3B6212619FD00840512 /* DetailViewController.m */; };
/* End PBXBuildFile section */

/* Begin PBXContainerItemProxy section */
		9145C393212607A500840512 /* PBXContainerItemProxy */ = {
			isa = PBXContainerItemProxy;
			containerPortal = 9145C372212607A400840512 /* Project object */;
			proxyType = 1;
			remoteGlobalIDString = 9145C379212607A400840512;
			remoteInfo = Cats;
		};
		9145C39E212607A500840512 /* PBXContainerItemProxy */ = {
			isa = PBXContainerItemProxy;
			containerPortal = 9145C372212607A400840512 /* Project object */;
			proxyType = 1;
			remoteGlobalIDString = 9145C379212607A400840512;
			remoteInfo = Cats;
		};
/* End PBXContainerItemProxy section */

/* Begin PBXFileReference section */
		9145C37A212607A400840512 /* Cats.app */ = {isa = PBXFileReference; explicitFileType = wrapper.application; includeInIndex = 0; path = Cats.app; sourceTree = BUILT_PRODUCTS_DIR; };
		9145C37D212607A500840512 /* AppDelegate.h */ = {isa = PBXFileReference; lastKnownFileType = sourcecode.c.h; path = AppDelegate.h; sourceTree = "<group>"; };
		9145C37E212607A500840512 /* AppDelegate.m */ = {isa = PBXFileReference; lastKnownFileType = sourcecode.c.objc; path = AppDelegate.m; sourceTree = "<group>"; };
		9145C380212607A500840512 /* ViewController.h */ = {isa = PBXFileReference; lastKnownFileType = sourcecode.c.h; path = ViewController.h; sourceTree = "<group>"; };
		9145C381212607A500840512 /* ViewController.m */ = {isa = PBXFileReference; lastKnownFileType = sourcecode.c.objc; path = ViewController.m; sourceTree = "<group>"; };
		9145C384212607A500840512 /* Base */ = {isa = PBXFileReference; lastKnownFileType = file.storyboard; name = Base; path = Base.lproj/Main.storyboard; sourceTree = "<group>"; };
		9145C386212607A500840512 /* Assets.xcassets */ = {isa = PBXFileReference; lastKnownFileType = folder.assetcatalog; path = Assets.xcassets; sourceTree = "<group>"; };
		9145C389212607A500840512 /* Base */ = {isa = PBXFileReference; lastKnownFileType = file.storyboard; name = Base; path = Base.lproj/LaunchScreen.storyboard; sourceTree = "<group>"; };
		9145C38B212607A500840512 /* Info.plist */ = {isa = PBXFileReference; lastKnownFileType = text.plist.xml; path = Info.plist; sourceTree = "<group>"; };
		9145C38C212607A500840512 /* main.m */ = {isa = PBXFileReference; lastKnownFileType = sourcecode.c.objc; path = main.m; sourceTree = "<group>"; };
		9145C392212607A500840512 /* CatsTests.xctest */ = {isa = PBXFileReference; explicitFileType = wrapper.cfbundle; includeInIndex = 0; path = CatsTests.xctest; sourceTree = BUILT_PRODUCTS_DIR; };
		9145C396212607A500840512 /* CatsTests.m */ = {isa = PBXFileReference; lastKnownFileType = sourcecode.c.objc; path = CatsTests.m; sourceTree = "<group>"; };
		9145C398212607A500840512 /* Info.plist */ = {isa = PBXFileReference; lastKnownFileType = text.plist.xml; path = Info.plist; sourceTree = "<group>"; };
		9145C39D212607A500840512 /* CatsUITests.xctest */ = {isa = PBXFileReference; explicitFileType = wrapper.cfbundle; includeInIndex = 0; path = CatsUITests.xctest; sourceTree = BUILT_PRODUCTS_DIR; };
		9145C3A1212607A500840512 /* CatsUITests.m */ = {isa = PBXFileReference; lastKnownFileType = sourcecode.c.objc; path = CatsUITests.m; sourceTree = "<group>"; };
		9145C3A3212607A500840512 /* Info.plist */ = {isa = PBXFileReference; lastKnownFileType = text.plist.xml; path = Info.plist; sourceTree = "<group>"; };
		9145C3AF2126089400840512 /* Photo.h */ = {isa = PBXFileReference; lastKnownFileType = sourcecode.c.h; path = Photo.h; sourceTree = "<group>"; };
		9145C3B02126089400840512 /* Photo.m */ = {isa = PBXFileReference; lastKnownFileType = sourcecode.c.objc; path = Photo.m; sourceTree = "<group>"; };
		9145C3B221260D6800840512 /* PhotoCollectionViewCell.h */ = {isa = PBXFileReference; lastKnownFileType = sourcecode.c.h; path = PhotoCollectionViewCell.h; sourceTree = "<group>"; };
		9145C3B321260D6800840512 /* PhotoCollectionViewCell.m */ = {isa = PBXFileReference; lastKnownFileType = sourcecode.c.objc; path = PhotoCollectionViewCell.m; sourceTree = "<group>"; };
		9145C3B5212619FD00840512 /* DetailViewController.h */ = {isa = PBXFileReference; lastKnownFileType = sourcecode.c.h; path = DetailViewController.h; sourceTree = "<group>"; };
		9145C3B6212619FD00840512 /* DetailViewController.m */ = {isa = PBXFileReference; lastKnownFileType = sourcecode.c.objc; path = DetailViewController.m; sourceTree = "<group>"; };
/* End PBXFileReference section */

/* Begin PBXFrameworksBuildPhase section */
		9145C377212607A400840512 /* Frameworks */ = {
			isa = PBXFrameworksBuildPhase;
			buildActionMask = 2147483647;
			files = (
			);
			runOnlyForDeploymentPostprocessing = 0;
		};
		9145C38F212607A500840512 /* Frameworks */ = {
			isa = PBXFrameworksBuildPhase;
			buildActionMask = 2147483647;
			files = (
			);
			runOnlyForDeploymentPostprocessing = 0;
		};
		9145C39A212607A500840512 /* Frameworks */ = {
			isa = PBXFrameworksBuildPhase;
			buildActionMask = 2147483647;
			files = (
			);
			runOnlyForDeploymentPostprocessing = 0;
		};
/* End PBXFrameworksBuildPhase section */

/* Begin PBXGroup section */
		9145C371212607A400840512 = {
			isa = PBXGroup;
			children = (
				9145C37C212607A400840512 /* Cats */,
				9145C395212607A500840512 /* CatsTests */,
				9145C3A0212607A500840512 /* CatsUITests */,
				9145C37B212607A400840512 /* Products */,
			);
			sourceTree = "<group>";
		};
		9145C37B212607A400840512 /* Products */ = {
			isa = PBXGroup;
			children = (
				9145C37A212607A400840512 /* Cats.app */,
				9145C392212607A500840512 /* CatsTests.xctest */,
				9145C39D212607A500840512 /* CatsUITests.xctest */,
			);
			name = Products;
			sourceTree = "<group>";
		};
		9145C37C212607A400840512 /* Cats */ = {
			isa = PBXGroup;
			children = (
				9145C37D212607A500840512 /* AppDelegate.h */,
				9145C37E212607A500840512 /* AppDelegate.m */,
				9145C380212607A500840512 /* ViewController.h */,
				9145C381212607A500840512 /* ViewController.m */,
				9145C3B5212619FD00840512 /* DetailViewController.h */,
				9145C3B6212619FD00840512 /* DetailViewController.m */,
				9145C3B221260D6800840512 /* PhotoCollectionViewCell.h */,
				9145C3B321260D6800840512 /* PhotoCollectionViewCell.m */,
				9145C3AF2126089400840512 /* Photo.h */,
				9145C3B02126089400840512 /* Photo.m */,
				9145C383212607A500840512 /* Main.storyboard */,
				9145C386212607A500840512 /* Assets.xcassets */,
				9145C388212607A500840512 /* LaunchScreen.storyboard */,
				9145C38B212607A500840512 /* Info.plist */,
				9145C38C212607A500840512 /* main.m */,
			);
			path = Cats;
			sourceTree = "<group>";
		};
		9145C395212607A500840512 /* CatsTests */ = {
			isa = PBXGroup;
			children = (
				9145C396212607A500840512 /* CatsTests.m */,
				9145C398212607A500840512 /* Info.plist */,
			);
			path = CatsTests;
			sourceTree = "<group>";
		};
		9145C3A0212607A500840512 /* CatsUITests */ = {
			isa = PBXGroup;
			children = (
				9145C3A1212607A500840512 /* CatsUITests.m */,
				9145C3A3212607A500840512 /* Info.plist */,
			);
			path = CatsUITests;
			sourceTree = "<group>";
		};
/* End PBXGroup section */

/* Begin PBXNativeTarget section */
		9145C379212607A400840512 /* Cats */ = {
			isa = PBXNativeTarget;
			buildConfigurationList = 9145C3A6212607A500840512 /* Build configuration list for PBXNativeTarget "Cats" */;
			buildPhases = (
				9145C376212607A400840512 /* Sources */,
				9145C377212607A400840512 /* Frameworks */,
				9145C378212607A400840512 /* Resources */,
			);
			buildRules = (
			);
			dependencies = (
			);
			name = Cats;
			productName = Cats;
			productReference = 9145C37A212607A400840512 /* Cats.app */;
			productType = "com.apple.product-type.application";
		};
		9145C391212607A500840512 /* CatsTests */ = {
			isa = PBXNativeTarget;
			buildConfigurationList = 9145C3A9212607A500840512 /* Build configuration list for PBXNativeTarget "CatsTests" */;
			buildPhases = (
				9145C38E212607A500840512 /* Sources */,
				9145C38F212607A500840512 /* Frameworks */,
				9145C390212607A500840512 /* Resources */,
			);
			buildRules = (
			);
			dependencies = (
				9145C394212607A500840512 /* PBXTargetDependency */,
			);
			name = CatsTests;
			productName = CatsTests;
			productReference = 9145C392212607A500840512 /* CatsTests.xctest */;
			productType = "com.apple.product-type.bundle.unit-test";
		};
		9145C39C212607A500840512 /* CatsUITests */ = {
			isa = PBXNativeTarget;
			buildConfigurationList = 9145C3AC212607A500840512 /* Build configuration list for PBXNativeTarget "CatsUITests" */;
			buildPhases = (
				9145C399212607A500840512 /* Sources */,
				9145C39A212607A500840512 /* Frameworks */,
				9145C39B212607A500840512 /* Resources */,
			);
			buildRules = (
			);
			dependencies = (
				9145C39F212607A500840512 /* PBXTargetDependency */,
			);
			name = CatsUITests;
			productName = CatsUITests;
			productReference = 9145C39D212607A500840512 /* CatsUITests.xctest */;
			productType = "com.apple.product-type.bundle.ui-testing";
		};
/* End PBXNativeTarget section */

/* Begin PBXProject section */
		9145C372212607A400840512 /* Project object */ = {
			isa = PBXProject;
			attributes = {
				LastUpgradeCheck = 0940;
				ORGANIZATIONNAME = Bennett;
				TargetAttributes = {
					9145C379212607A400840512 = {
						CreatedOnToolsVersion = 9.4.1;
					};
					9145C391212607A500840512 = {
						CreatedOnToolsVersion = 9.4.1;
						TestTargetID = 9145C379212607A400840512;
					};
					9145C39C212607A500840512 = {
						CreatedOnToolsVersion = 9.4.1;
						TestTargetID = 9145C379212607A400840512;
					};
				};
			};
			buildConfigurationList = 9145C375212607A400840512 /* Build configuration list for PBXProject "Cats" */;
			compatibilityVersion = "Xcode 9.3";
			developmentRegion = en;
			hasScannedForEncodings = 0;
			knownRegions = (
				en,
				Base,
			);
			mainGroup = 9145C371212607A400840512;
			productRefGroup = 9145C37B212607A400840512 /* Products */;
			projectDirPath = "";
			projectRoot = "";
			targets = (
				9145C379212607A400840512 /* Cats */,
				9145C391212607A500840512 /* CatsTests */,
				9145C39C212607A500840512 /* CatsUITests */,
			);
		};
/* End PBXProject section */

/* Begin PBXResourcesBuildPhase section */
		9145C378212607A400840512 /* Resources */ = {
			isa = PBXResourcesBuildPhase;
			buildActionMask = 2147483647;
			files = (
				9145C38A212607A500840512 /* LaunchScreen.storyboard in Resources */,
				9145C387212607A500840512 /* Assets.xcassets in Resources */,
				9145C385212607A500840512 /* Main.storyboard in Resources */,
			);
			runOnlyForDeploymentPostprocessing = 0;
		};
		9145C390212607A500840512 /* Resources */ = {
			isa = PBXResourcesBuildPhase;
			buildActionMask = 2147483647;
			files = (
			);
			runOnlyForDeploymentPostprocessing = 0;
		};
		9145C39B212607A500840512 /* Resources */ = {
			isa = PBXResourcesBuildPhase;
			buildActionMask = 2147483647;
			files = (
			);
			runOnlyForDeploymentPostprocessing = 0;
		};
/* End PBXResourcesBuildPhase section */

/* Begin PBXSourcesBuildPhase section */
		9145C376212607A400840512 /* Sources */ = {
			isa = PBXSourcesBuildPhase;
			buildActionMask = 2147483647;
			files = (
				9145C3B12126089400840512 /* Photo.m in Sources */,
				9145C382212607A500840512 /* ViewController.m in Sources */,
				9145C38D212607A500840512 /* main.m in Sources */,
				9145C3B421260D6800840512 /* PhotoCollectionViewCell.m in Sources */,
				9145C37F212607A500840512 /* AppDelegate.m in Sources */,
				9145C3B7212619FD00840512 /* DetailViewController.m in Sources */,
			);
			runOnlyForDeploymentPostprocessing = 0;
		};
		9145C38E212607A500840512 /* Sources */ = {
			isa = PBXSourcesBuildPhase;
			buildActionMask = 2147483647;
			files = (
				9145C397212607A500840512 /* CatsTests.m in Sources */,
			);
			runOnlyForDeploymentPostprocessing = 0;
		};
		9145C399212607A500840512 /* Sources */ = {
			isa = PBXSourcesBuildPhase;
			buildActionMask = 2147483647;
			files = (
				9145C3A2212607A500840512 /* CatsUITests.m in Sources */,
			);
			runOnlyForDeploymentPostprocessing = 0;
		};
/* End PBXSourcesBuildPhase section */

/* Begin PBXTargetDependency section */
		9145C394212607A500840512 /* PBXTargetDependency */ = {
			isa = PBXTargetDependency;
			target = 9145C379212607A400840512 /* Cats */;
			targetProxy = 9145C393212607A500840512 /* PBXContainerItemProxy */;
		};
		9145C39F212607A500840512 /* PBXTargetDependency */ = {
			isa = PBXTargetDependency;
			target = 9145C379212607A400840512 /* Cats */;
			targetProxy = 9145C39E212607A500840512 /* PBXContainerItemProxy */;
		};
/* End PBXTargetDependency section */

/* Begin PBXVariantGroup section */
		9145C383212607A500840512 /* Main.storyboard */ = {
			isa = PBXVariantGroup;
			children = (
				9145C384212607A500840512 /* Base */,
			);
			name = Main.storyboard;
			sourceTree = "<group>";
		};
		9145C388212607A500840512 /* LaunchScreen.storyboard */ = {
			isa = PBXVariantGroup;
			children = (
				9145C389212607A500840512 /* Base */,
			);
			name = LaunchScreen.storyboard;
			sourceTree = "<group>";
		};
/* End PBXVariantGroup section */

/* Begin XCBuildConfiguration section */
		9145C3A4212607A500840512 /* Debug */ = {
			isa = XCBuildConfiguration;
			buildSettings = {
				ALWAYS_SEARCH_USER_PATHS = NO;
				CLANG_ANALYZER_NONNULL = YES;
				CLANG_ANALYZER_NUMBER_OBJECT_CONVERSION = YES_AGGRESSIVE;
				CLANG_CXX_LANGUAGE_STANDARD = "gnu++14";
				CLANG_CXX_LIBRARY = "libc++";
				CLANG_ENABLE_MODULES = YES;
				CLANG_ENABLE_OBJC_ARC = YES;
				CLANG_ENABLE_OBJC_WEAK = YES;
				CLANG_WARN_BLOCK_CAPTURE_AUTORELEASING = YES;
				CLANG_WARN_BOOL_CONVERSION = YES;
				CLANG_WARN_COMMA = YES;
				CLANG_WARN_CONSTANT_CONVERSION = YES;
				CLANG_WARN_DEPRECATED_OBJC_IMPLEMENTATIONS = YES;
				CLANG_WARN_DIRECT_OBJC_ISA_USAGE = YES_ERROR;
				CLANG_WARN_DOCUMENTATION_COMMENTS = YES;
				CLANG_WARN_EMPTY_BODY = YES;
				CLANG_WARN_ENUM_CONVERSION = YES;
				CLANG_WARN_INFINITE_RECURSION = YES;
				CLANG_WARN_INT_CONVERSION = YES;
				CLANG_WARN_NON_LITERAL_NULL_CONVERSION = YES;
				CLANG_WARN_OBJC_IMPLICIT_RETAIN_SELF = YES;
				CLANG_WARN_OBJC_LITERAL_CONVERSION = YES;
				CLANG_WARN_OBJC_ROOT_CLASS = YES_ERROR;
				CLANG_WARN_RANGE_LOOP_ANALYSIS = YES;
				CLANG_WARN_STRICT_PROTOTYPES = YES;
				CLANG_WARN_SUSPICIOUS_MOVE = YES;
				CLANG_WARN_UNGUARDED_AVAILABILITY = YES_AGGRESSIVE;
				CLANG_WARN_UNREACHABLE_CODE = YES;
				CLANG_WARN__DUPLICATE_METHOD_MATCH = YES;
				CODE_SIGN_IDENTITY = "iPhone Developer";
				COPY_PHASE_STRIP = NO;
				DEBUG_INFORMATION_FORMAT = dwarf;
				ENABLE_STRICT_OBJC_MSGSEND = YES;
				ENABLE_TESTABILITY = YES;
				GCC_C_LANGUAGE_STANDARD = gnu11;
				GCC_DYNAMIC_NO_PIC = NO;
				GCC_NO_COMMON_BLOCKS = YES;
				GCC_OPTIMIZATION_LEVEL = 0;
				GCC_PREPROCESSOR_DEFINITIONS = (
					"DEBUG=1",
					"$(inherited)",
				);
				GCC_WARN_64_TO_32_BIT_CONVERSION = YES;
				GCC_WARN_ABOUT_RETURN_TYPE = YES_ERROR;
				GCC_WARN_UNDECLARED_SELECTOR = YES;
				GCC_WARN_UNINITIALIZED_AUTOS = YES_AGGRESSIVE;
				GCC_WARN_UNUSED_FUNCTION = YES;
				GCC_WARN_UNUSED_VARIABLE = YES;
				IPHONEOS_DEPLOYMENT_TARGET = 11.4;
				MTL_ENABLE_DEBUG_INFO = YES;
				ONLY_ACTIVE_ARCH = YES;
				SDKROOT = iphoneos;
			};
			name = Debug;
		};
		9145C3A5212607A500840512 /* Release */ = {
			isa = XCBuildConfiguration;
			buildSettings = {
				ALWAYS_SEARCH_USER_PATHS = NO;
				CLANG_ANALYZER_NONNULL = YES;
				CLANG_ANALYZER_NUMBER_OBJECT_CONVERSION = YES_AGGRESSIVE;
				CLANG_CXX_LANGUAGE_STANDARD = "gnu++14";
				CLANG_CXX_LIBRARY = "libc++";
				CLANG_ENABLE_MODULES = YES;
				CLANG_ENABLE_OBJC_ARC = YES;
				CLANG_ENABLE_OBJC_WEAK = YES;
				CLANG_WARN_BLOCK_CAPTURE_AUTORELEASING = YES;
				CLANG_WARN_BOOL_CONVERSION = YES;
				CLANG_WARN_COMMA = YES;
				CLANG_WARN_CONSTANT_CONVERSION = YES;
				CLANG_WARN_DEPRECATED_OBJC_IMPLEMENTATIONS = YES;
				CLANG_WARN_DIRECT_OBJC_ISA_USAGE = YES_ERROR;
				CLANG_WARN_DOCUMENTATION_COMMENTS = YES;
				CLANG_WARN_EMPTY_BODY = YES;
				CLANG_WARN_ENUM_CONVERSION = YES;
				CLANG_WARN_INFINITE_RECURSION = YES;
				CLANG_WARN_INT_CONVERSION = YES;
				CLANG_WARN_NON_LITERAL_NULL_CONVERSION = YES;
				CLANG_WARN_OBJC_IMPLICIT_RETAIN_SELF = YES;
				CLANG_WARN_OBJC_LITERAL_CONVERSION = YES;
				CLANG_WARN_OBJC_ROOT_CLASS = YES_ERROR;
				CLANG_WARN_RANGE_LOOP_ANALYSIS = YES;
				CLANG_WARN_STRICT_PROTOTYPES = YES;
				CLANG_WARN_SUSPICIOUS_MOVE = YES;
				CLANG_WARN_UNGUARDED_AVAILABILITY = YES_AGGRESSIVE;
				CLANG_WARN_UNREACHABLE_CODE = YES;
				CLANG_WARN__DUPLICATE_METHOD_MATCH = YES;
				CODE_SIGN_IDENTITY = "iPhone Developer";
				COPY_PHASE_STRIP = NO;
				DEBUG_INFORMATION_FORMAT = "dwarf-with-dsym";
				ENABLE_NS_ASSERTIONS = NO;
				ENABLE_STRICT_OBJC_MSGSEND = YES;
				GCC_C_LANGUAGE_STANDARD = gnu11;
				GCC_NO_COMMON_BLOCKS = YES;
				GCC_WARN_64_TO_32_BIT_CONVERSION = YES;
				GCC_WARN_ABOUT_RETURN_TYPE = YES_ERROR;
				GCC_WARN_UNDECLARED_SELECTOR = YES;
				GCC_WARN_UNINITIALIZED_AUTOS = YES_AGGRESSIVE;
				GCC_WARN_UNUSED_FUNCTION = YES;
				GCC_WARN_UNUSED_VARIABLE = YES;
				IPHONEOS_DEPLOYMENT_TARGET = 11.4;
				MTL_ENABLE_DEBUG_INFO = NO;
				SDKROOT = iphoneos;
				VALIDATE_PRODUCT = YES;
			};
			name = Release;
		};
		9145C3A7212607A500840512 /* Debug */ = {
			isa = XCBuildConfiguration;
			buildSettings = {
				ASSETCATALOG_COMPILER_APPICON_NAME = AppIcon;
				CODE_SIGN_STYLE = Automatic;
				INFOPLIST_FILE = Cats/Info.plist;
				LD_RUNPATH_SEARCH_PATHS = (
					"$(inherited)",
					"@executable_path/Frameworks",
				);
				PRODUCT_BUNDLE_IDENTIFIER = com.bennett.Cats;
				PRODUCT_NAME = "$(TARGET_NAME)";
				TARGETED_DEVICE_FAMILY = "1,2";
			};
			name = Debug;
		};
		9145C3A8212607A500840512 /* Release */ = {
			isa = XCBuildConfiguration;
			buildSettings = {
				ASSETCATALOG_COMPILER_APPICON_NAME = AppIcon;
				CODE_SIGN_STYLE = Automatic;
				INFOPLIST_FILE = Cats/Info.plist;
				LD_RUNPATH_SEARCH_PATHS = (
					"$(inherited)",
					"@executable_path/Frameworks",
				);
				PRODUCT_BUNDLE_IDENTIFIER = com.bennett.Cats;
				PRODUCT_NAME = "$(TARGET_NAME)";
				TARGETED_DEVICE_FAMILY = "1,2";
			};
			name = Release;
		};
		9145C3AA212607A500840512 /* Debug */ = {
			isa = XCBuildConfiguration;
			buildSettings = {
				BUNDLE_LOADER = "$(TEST_HOST)";
				CODE_SIGN_STYLE = Automatic;
				INFOPLIST_FILE = CatsTests/Info.plist;
				LD_RUNPATH_SEARCH_PATHS = (
					"$(inherited)",
					"@executable_path/Frameworks",
					"@loader_path/Frameworks",
				);
				PRODUCT_BUNDLE_IDENTIFIER = com.bennett.CatsTests;
				PRODUCT_NAME = "$(TARGET_NAME)";
				TARGETED_DEVICE_FAMILY = "1,2";
				TEST_HOST = "$(BUILT_PRODUCTS_DIR)/Cats.app/Cats";
			};
			name = Debug;
		};
		9145C3AB212607A500840512 /* Release */ = {
			isa = XCBuildConfiguration;
			buildSettings = {
				BUNDLE_LOADER = "$(TEST_HOST)";
				CODE_SIGN_STYLE = Automatic;
				INFOPLIST_FILE = CatsTests/Info.plist;
				LD_RUNPATH_SEARCH_PATHS = (
					"$(inherited)",
					"@executable_path/Frameworks",
					"@loader_path/Frameworks",
				);
				PRODUCT_BUNDLE_IDENTIFIER = com.bennett.CatsTests;
				PRODUCT_NAME = "$(TARGET_NAME)";
				TARGETED_DEVICE_FAMILY = "1,2";
				TEST_HOST = "$(BUILT_PRODUCTS_DIR)/Cats.app/Cats";
			};
			name = Release;
		};
		9145C3AD212607A500840512 /* Debug */ = {
			isa = XCBuildConfiguration;
			buildSettings = {
				CODE_SIGN_STYLE = Automatic;
				INFOPLIST_FILE = CatsUITests/Info.plist;
				LD_RUNPATH_SEARCH_PATHS = (
					"$(inherited)",
					"@executable_path/Frameworks",
					"@loader_path/Frameworks",
				);
				PRODUCT_BUNDLE_IDENTIFIER = com.bennett.CatsUITests;
				PRODUCT_NAME = "$(TARGET_NAME)";
				TARGETED_DEVICE_FAMILY = "1,2";
				TEST_TARGET_NAME = Cats;
			};
			name = Debug;
		};
		9145C3AE212607A500840512 /* Release */ = {
			isa = XCBuildConfiguration;
			buildSettings = {
				CODE_SIGN_STYLE = Automatic;
				INFOPLIST_FILE = CatsUITests/Info.plist;
				LD_RUNPATH_SEARCH_PATHS = (
					"$(inherited)",
					"@executable_path/Frameworks",
					"@loader_path/Frameworks",
				);
				PRODUCT_BUNDLE_IDENTIFIER = com.bennett.CatsUITests;
				PRODUCT_NAME = "$(TARGET_NAME)";
				TARGETED_DEVICE_FAMILY = "1,2";
				TEST_TARGET_NAME = Cats;
			};
			name = Release;
		};
/* End XCBuildConfiguration section */

/* Begin XCConfigurationList section */
		9145C375212607A400840512 /* Build configuration list for PBXProject "Cats" */ = {
			isa = XCConfigurationList;
			buildConfigurations = (
				9145C3A4212607A500840512 /* Debug */,
				9145C3A5212607A500840512 /* Release */,
			);
			defaultConfigurationIsVisible = 0;
			defaultConfigurationName = Release;
		};
		9145C3A6212607A500840512 /* Build configuration list for PBXNativeTarget "Cats" */ = {
			isa = XCConfigurationList;
			buildConfigurations = (
				9145C3A7212607A500840512 /* Debug */,
				9145C3A8212607A500840512 /* Release */,
			);
			defaultConfigurationIsVisible = 0;
			defaultConfigurationName = Release;
		};
		9145C3A9212607A500840512 /* Build configuration list for PBXNativeTarget "CatsTests" */ = {
			isa = XCConfigurationList;
			buildConfigurations = (
				9145C3AA212607A500840512 /* Debug */,
				9145C3AB212607A500840512 /* Release */,
			);
			defaultConfigurationIsVisible = 0;
			defaultConfigurationName = Release;
		};
		9145C3AC212607A500840512 /* Build configuration list for PBXNativeTarget "CatsUITests" */ = {
			isa = XCConfigurationList;
			buildConfigurations = (
				9145C3AD212607A500840512 /* Debug */,
				9145C3AE212607A500840512 /* Release */,
			);
			defaultConfigurationIsVisible = 0;
			defaultConfigurationName = Release;
		};
/* End XCConfigurationList section */
	};
	rootObject = 9145C372212607A400840512 /* Project object */;
}
